
Microsoft Visual Studio Solution File, Format Version 12.00
# Visual Studio 15
VisualStudioVersion = 15.0.27004.2006
MinimumVisualStudioVersion = 10.0.40219.1
Project("{9A19103F-16F7-4668-BE54-9A1E7A4F7556}") = "Spectro.ViewModels", "Spectro.ViewModels\Spectro.ViewModels.csproj", "{6D57242A-3DAC-4D66-A6E8-BB314DF2B0EF}"
EndProject
Project("{9A19103F-16F7-4668-BE54-9A1E7A4F7556}") = "NewsBlurSharp", "NewsBlurSharp\NewsBlurSharp.csproj", "{347C65C2-161D-45E9-91EA-05005CED1A57}"
EndProject
Project("{2150E333-8FDC-42A3-9474-1A3956D46DE8}") = "Core", "Core", "{E6082F8C-F3E7-4D90-B628-DF19087D4D86}"
EndProject
Project("{2150E333-8FDC-42A3-9474-1A3956D46DE8}") = "Tests", "Tests", "{18695422-9B84-4F42-A75D-4CF31CDD0DBA}"
EndProject
Project("{9A19103F-16F7-4668-BE54-9A1E7A4F7556}") = "NewsBlurSharp.TestsCore", "NewsBlurSharp.TestsCore\NewsBlurSharp.TestsCore.csproj", "{A447F304-DFE8-4216-8699-F814674CD818}"
EndProject
Project("{FAE04EC0-301F-11D3-BF4B-00C04F79EFBC}") = "Spectro.ViewModels.Tests", "Spectro.ViewModels.Tests\Spectro.ViewModels.Tests.csproj", "{151A72A0-0279-4A0F-8DBA-3A087A61EF8A}"
EndProject
Project("{FAE04EC0-301F-11D3-BF4B-00C04F79EFBC}") = "Spectro.App", "Spectro.App\Spectro.App.csproj", "{334490FC-2959-4876-AD0D-AD0785A07951}"
EndProject
Project("{FAE04EC0-301F-11D3-BF4B-00C04F79EFBC}") = "Spectro.Domain", "Spectro.Domain\Spectro.Domain.csproj", "{F5A82A2F-B872-4879-A1B4-158097D5CCEA}"
EndProject
Project("{FAE04EC0-301F-11D3-BF4B-00C04F79EFBC}") = "Spectro.Infrastructure", "Spectro.Infrastructure\Spectro.Infrastructure.csproj", "{ACA45A72-A319-41B7-8E22-EE22189E09B9}"
EndProject
Project("{FAE04EC0-301F-11D3-BF4B-00C04F79EFBC}") = "Spectro.Infrastructure.Tests", "Spectro.Infrastructure.Tests\Spectro.Infrastructure.Tests.csproj", "{90B0DBDE-2CEC-4804-8F6C-8A6B7E8BFCA8}"
EndProject
Project("{FAE04EC0-301F-11D3-BF4B-00C04F79EFBC}") = "Spectro.Sync", "Spectro.Sync\Spectro.Sync.csproj", "{37223EAF-DA59-4C25-B4E6-87A67C920928}"
EndProject
Project("{FAE04EC0-301F-11D3-BF4B-00C04F79EFBC}") = "Spectro.Sync.Tests", "Spectro.Sync.Tests\Spectro.Sync.Tests.csproj", "{4451C788-2D90-4938-83D2-7CF6C7F19AA8}"
EndProject
Global
	GlobalSection(SolutionConfigurationPlatforms) = preSolution
		Debug|Any CPU = Debug|Any CPU
		Debug|ARM = Debug|ARM
		Debug|x64 = Debug|x64
		Debug|x86 = Debug|x86
		Release|Any CPU = Release|Any CPU
		Release|ARM = Release|ARM
		Release|x64 = Release|x64
		Release|x86 = Release|x86
	EndGlobalSection
	GlobalSection(ProjectConfigurationPlatforms) = postSolution
		{6D57242A-3DAC-4D66-A6E8-BB314DF2B0EF}.Debug|Any CPU.ActiveCfg = Debug|Any CPU
		{6D57242A-3DAC-4D66-A6E8-BB314DF2B0EF}.Debug|Any CPU.Build.0 = Debug|Any CPU
		{6D57242A-3DAC-4D66-A6E8-BB314DF2B0EF}.Debug|ARM.ActiveCfg = Debug|Any CPU
		{6D57242A-3DAC-4D66-A6E8-BB314DF2B0EF}.Debug|ARM.Build.0 = Debug|Any CPU
		{6D57242A-3DAC-4D66-A6E8-BB314DF2B0EF}.Debug|x64.ActiveCfg = Debug|Any CPU
		{6D57242A-3DAC-4D66-A6E8-BB314DF2B0EF}.Debug|x64.Build.0 = Debug|Any CPU
		{6D57242A-3DAC-4D66-A6E8-BB314DF2B0EF}.Debug|x86.ActiveCfg = Debug|Any CPU
		{6D57242A-3DAC-4D66-A6E8-BB314DF2B0EF}.Debug|x86.Build.0 = Debug|Any CPU
		{6D57242A-3DAC-4D66-A6E8-BB314DF2B0EF}.Release|Any CPU.ActiveCfg = Release|Any CPU
		{6D57242A-3DAC-4D66-A6E8-BB314DF2B0EF}.Release|Any CPU.Build.0 = Release|Any CPU
		{6D57242A-3DAC-4D66-A6E8-BB314DF2B0EF}.Release|ARM.ActiveCfg = Release|Any CPU
		{6D57242A-3DAC-4D66-A6E8-BB314DF2B0EF}.Release|ARM.Build.0 = Release|Any CPU
		{6D57242A-3DAC-4D66-A6E8-BB314DF2B0EF}.Release|x64.ActiveCfg = Release|Any CPU
		{6D57242A-3DAC-4D66-A6E8-BB314DF2B0EF}.Release|x64.Build.0 = Release|Any CPU
		{6D57242A-3DAC-4D66-A6E8-BB314DF2B0EF}.Release|x86.ActiveCfg = Release|Any CPU
		{6D57242A-3DAC-4D66-A6E8-BB314DF2B0EF}.Release|x86.Build.0 = Release|Any CPU
		{347C65C2-161D-45E9-91EA-05005CED1A57}.Debug|Any CPU.ActiveCfg = Debug|Any CPU
		{347C65C2-161D-45E9-91EA-05005CED1A57}.Debug|Any CPU.Build.0 = Debug|Any CPU
		{347C65C2-161D-45E9-91EA-05005CED1A57}.Debug|ARM.ActiveCfg = Debug|Any CPU
		{347C65C2-161D-45E9-91EA-05005CED1A57}.Debug|ARM.Build.0 = Debug|Any CPU
		{347C65C2-161D-45E9-91EA-05005CED1A57}.Debug|x64.ActiveCfg = Debug|Any CPU
		{347C65C2-161D-45E9-91EA-05005CED1A57}.Debug|x64.Build.0 = Debug|Any CPU
		{347C65C2-161D-45E9-91EA-05005CED1A57}.Debug|x86.ActiveCfg = Debug|Any CPU
		{347C65C2-161D-45E9-91EA-05005CED1A57}.Debug|x86.Build.0 = Debug|Any CPU
		{347C65C2-161D-45E9-91EA-05005CED1A57}.Release|Any CPU.ActiveCfg = Release|Any CPU
		{347C65C2-161D-45E9-91EA-05005CED1A57}.Release|Any CPU.Build.0 = Release|Any CPU
		{347C65C2-161D-45E9-91EA-05005CED1A57}.Release|ARM.ActiveCfg = Release|Any CPU
		{347C65C2-161D-45E9-91EA-05005CED1A57}.Release|ARM.Build.0 = Release|Any CPU
		{347C65C2-161D-45E9-91EA-05005CED1A57}.Release|x64.ActiveCfg = Release|Any CPU
		{347C65C2-161D-45E9-91EA-05005CED1A57}.Release|x64.Build.0 = Release|Any CPU
		{347C65C2-161D-45E9-91EA-05005CED1A57}.Release|x86.ActiveCfg = Release|Any CPU
		{347C65C2-161D-45E9-91EA-05005CED1A57}.Release|x86.Build.0 = Release|Any CPU
		{A447F304-DFE8-4216-8699-F814674CD818}.Debug|Any CPU.ActiveCfg = Debug|Any CPU
		{A447F304-DFE8-4216-8699-F814674CD818}.Debug|Any CPU.Build.0 = Debug|Any CPU
		{A447F304-DFE8-4216-8699-F814674CD818}.Debug|ARM.ActiveCfg = Debug|Any CPU
		{A447F304-DFE8-4216-8699-F814674CD818}.Debug|ARM.Build.0 = Debug|Any CPU
		{A447F304-DFE8-4216-8699-F814674CD818}.Debug|x64.ActiveCfg = Debug|Any CPU
		{A447F304-DFE8-4216-8699-F814674CD818}.Debug|x64.Build.0 = Debug|Any CPU
		{A447F304-DFE8-4216-8699-F814674CD818}.Debug|x86.ActiveCfg = Debug|Any CPU
		{A447F304-DFE8-4216-8699-F814674CD818}.Debug|x86.Build.0 = Debug|Any CPU
		{A447F304-DFE8-4216-8699-F814674CD818}.Release|Any CPU.ActiveCfg = Release|Any CPU
		{A447F304-DFE8-4216-8699-F814674CD818}.Release|Any CPU.Build.0 = Release|Any CPU
		{A447F304-DFE8-4216-8699-F814674CD818}.Release|ARM.ActiveCfg = Release|Any CPU
		{A447F304-DFE8-4216-8699-F814674CD818}.Release|ARM.Build.0 = Release|Any CPU
		{A447F304-DFE8-4216-8699-F814674CD818}.Release|x64.ActiveCfg = Release|Any CPU
		{A447F304-DFE8-4216-8699-F814674CD818}.Release|x64.Build.0 = Release|Any CPU
		{A447F304-DFE8-4216-8699-F814674CD818}.Release|x86.ActiveCfg = Release|Any CPU
		{A447F304-DFE8-4216-8699-F814674CD818}.Release|x86.Build.0 = Release|Any CPU
		{151A72A0-0279-4A0F-8DBA-3A087A61EF8A}.Debug|Any CPU.ActiveCfg = Debug|Any CPU
		{151A72A0-0279-4A0F-8DBA-3A087A61EF8A}.Debug|Any CPU.Build.0 = Debug|Any CPU
		{151A72A0-0279-4A0F-8DBA-3A087A61EF8A}.Debug|ARM.ActiveCfg = Debug|Any CPU
		{151A72A0-0279-4A0F-8DBA-3A087A61EF8A}.Debug|ARM.Build.0 = Debug|Any CPU
		{151A72A0-0279-4A0F-8DBA-3A087A61EF8A}.Debug|x64.ActiveCfg = Debug|Any CPU
		{151A72A0-0279-4A0F-8DBA-3A087A61EF8A}.Debug|x64.Build.0 = Debug|Any CPU
		{151A72A0-0279-4A0F-8DBA-3A087A61EF8A}.Debug|x86.ActiveCfg = Debug|Any CPU
		{151A72A0-0279-4A0F-8DBA-3A087A61EF8A}.Debug|x86.Build.0 = Debug|Any CPU
		{151A72A0-0279-4A0F-8DBA-3A087A61EF8A}.Release|Any CPU.ActiveCfg = Release|Any CPU
		{151A72A0-0279-4A0F-8DBA-3A087A61EF8A}.Release|Any CPU.Build.0 = Release|Any CPU
		{151A72A0-0279-4A0F-8DBA-3A087A61EF8A}.Release|ARM.ActiveCfg = Release|Any CPU
		{151A72A0-0279-4A0F-8DBA-3A087A61EF8A}.Release|ARM.Build.0 = Release|Any CPU
		{151A72A0-0279-4A0F-8DBA-3A087A61EF8A}.Release|x64.ActiveCfg = Release|Any CPU
		{151A72A0-0279-4A0F-8DBA-3A087A61EF8A}.Release|x64.Build.0 = Release|Any CPU
		{151A72A0-0279-4A0F-8DBA-3A087A61EF8A}.Release|x86.ActiveCfg = Release|Any CPU
		{151A72A0-0279-4A0F-8DBA-3A087A61EF8A}.Release|x86.Build.0 = Release|Any CPU
		{334490FC-2959-4876-AD0D-AD0785A07951}.Debug|Any CPU.ActiveCfg = Debug|x64
		{334490FC-2959-4876-AD0D-AD0785A07951}.Debug|Any CPU.Build.0 = Debug|x64
		{334490FC-2959-4876-AD0D-AD0785A07951}.Debug|ARM.ActiveCfg = Debug|x64
		{334490FC-2959-4876-AD0D-AD0785A07951}.Debug|ARM.Build.0 = Debug|x64
		{334490FC-2959-4876-AD0D-AD0785A07951}.Debug|x64.ActiveCfg = Debug|x64
		{334490FC-2959-4876-AD0D-AD0785A07951}.Debug|x64.Build.0 = Debug|x64
		{334490FC-2959-4876-AD0D-AD0785A07951}.Debug|x86.ActiveCfg = Debug|x64
		{334490FC-2959-4876-AD0D-AD0785A07951}.Debug|x86.Build.0 = Debug|x64
		{334490FC-2959-4876-AD0D-AD0785A07951}.Release|Any CPU.ActiveCfg = Release|x64
		{334490FC-2959-4876-AD0D-AD0785A07951}.Release|Any CPU.Build.0 = Release|x64
		{334490FC-2959-4876-AD0D-AD0785A07951}.Release|ARM.ActiveCfg = Release|x64
		{334490FC-2959-4876-AD0D-AD0785A07951}.Release|ARM.Build.0 = Release|x64
		{334490FC-2959-4876-AD0D-AD0785A07951}.Release|x64.ActiveCfg = Release|x64
		{334490FC-2959-4876-AD0D-AD0785A07951}.Release|x64.Build.0 = Release|x64
		{334490FC-2959-4876-AD0D-AD0785A07951}.Release|x86.ActiveCfg = Release|x64
		{334490FC-2959-4876-AD0D-AD0785A07951}.Release|x86.Build.0 = Release|x64
		{F5A82A2F-B872-4879-A1B4-158097D5CCEA}.Debug|Any CPU.ActiveCfg = Debug|Any CPU
		{F5A82A2F-B872-4879-A1B4-158097D5CCEA}.Debug|Any CPU.Build.0 = Debug|Any CPU
		{F5A82A2F-B872-4879-A1B4-158097D5CCEA}.Debug|ARM.ActiveCfg = Debug|Any CPU
		{F5A82A2F-B872-4879-A1B4-158097D5CCEA}.Debug|ARM.Build.0 = Debug|Any CPU
		{F5A82A2F-B872-4879-A1B4-158097D5CCEA}.Debug|x64.ActiveCfg = Debug|Any CPU
		{F5A82A2F-B872-4879-A1B4-158097D5CCEA}.Debug|x64.Build.0 = Debug|Any CPU
		{F5A82A2F-B872-4879-A1B4-158097D5CCEA}.Debug|x86.ActiveCfg = Debug|Any CPU
		{F5A82A2F-B872-4879-A1B4-158097D5CCEA}.Debug|x86.Build.0 = Debug|Any CPU
		{F5A82A2F-B872-4879-A1B4-158097D5CCEA}.Release|Any CPU.ActiveCfg = Release|Any CPU
		{F5A82A2F-B872-4879-A1B4-158097D5CCEA}.Release|Any CPU.Build.0 = Release|Any CPU
		{F5A82A2F-B872-4879-A1B4-158097D5CCEA}.Release|ARM.ActiveCfg = Release|Any CPU
		{F5A82A2F-B872-4879-A1B4-158097D5CCEA}.Release|ARM.Build.0 = Release|Any CPU
		{F5A82A2F-B872-4879-A1B4-158097D5CCEA}.Release|x64.ActiveCfg = Release|Any CPU
		{F5A82A2F-B872-4879-A1B4-158097D5CCEA}.Release|x64.Build.0 = Release|Any CPU
		{F5A82A2F-B872-4879-A1B4-158097D5CCEA}.Release|x86.ActiveCfg = Release|Any CPU
		{F5A82A2F-B872-4879-A1B4-158097D5CCEA}.Release|x86.Build.0 = Release|Any CPU
		{ACA45A72-A319-41B7-8E22-EE22189E09B9}.Debug|Any CPU.ActiveCfg = Debug|Any CPU
		{ACA45A72-A319-41B7-8E22-EE22189E09B9}.Debug|Any CPU.Build.0 = Debug|Any CPU
		{ACA45A72-A319-41B7-8E22-EE22189E09B9}.Debug|ARM.ActiveCfg = Debug|Any CPU
		{ACA45A72-A319-41B7-8E22-EE22189E09B9}.Debug|ARM.Build.0 = Debug|Any CPU
		{ACA45A72-A319-41B7-8E22-EE22189E09B9}.Debug|x64.ActiveCfg = Debug|Any CPU
		{ACA45A72-A319-41B7-8E22-EE22189E09B9}.Debug|x64.Build.0 = Debug|Any CPU
		{ACA45A72-A319-41B7-8E22-EE22189E09B9}.Debug|x86.ActiveCfg = Debug|Any CPU
		{ACA45A72-A319-41B7-8E22-EE22189E09B9}.Debug|x86.Build.0 = Debug|Any CPU
		{ACA45A72-A319-41B7-8E22-EE22189E09B9}.Release|Any CPU.ActiveCfg = Release|Any CPU
		{ACA45A72-A319-41B7-8E22-EE22189E09B9}.Release|Any CPU.Build.0 = Release|Any CPU
		{ACA45A72-A319-41B7-8E22-EE22189E09B9}.Release|ARM.ActiveCfg = Release|Any CPU
		{ACA45A72-A319-41B7-8E22-EE22189E09B9}.Release|ARM.Build.0 = Release|Any CPU
		{ACA45A72-A319-41B7-8E22-EE22189E09B9}.Release|x64.ActiveCfg = Release|Any CPU
		{ACA45A72-A319-41B7-8E22-EE22189E09B9}.Release|x64.Build.0 = Release|Any CPU
		{ACA45A72-A319-41B7-8E22-EE22189E09B9}.Release|x86.ActiveCfg = Release|Any CPU
		{ACA45A72-A319-41B7-8E22-EE22189E09B9}.Release|x86.Build.0 = Release|Any CPU
		{90B0DBDE-2CEC-4804-8F6C-8A6B7E8BFCA8}.Debug|Any CPU.ActiveCfg = Debug|Any CPU
		{90B0DBDE-2CEC-4804-8F6C-8A6B7E8BFCA8}.Debug|Any CPU.Build.0 = Debug|Any CPU
		{90B0DBDE-2CEC-4804-8F6C-8A6B7E8BFCA8}.Debug|ARM.ActiveCfg = Debug|Any CPU
		{90B0DBDE-2CEC-4804-8F6C-8A6B7E8BFCA8}.Debug|ARM.Build.0 = Debug|Any CPU
		{90B0DBDE-2CEC-4804-8F6C-8A6B7E8BFCA8}.Debug|x64.ActiveCfg = Debug|Any CPU
		{90B0DBDE-2CEC-4804-8F6C-8A6B7E8BFCA8}.Debug|x64.Build.0 = Debug|Any CPU
		{90B0DBDE-2CEC-4804-8F6C-8A6B7E8BFCA8}.Debug|x86.ActiveCfg = Debug|Any CPU
		{90B0DBDE-2CEC-4804-8F6C-8A6B7E8BFCA8}.Debug|x86.Build.0 = Debug|Any CPU
		{90B0DBDE-2CEC-4804-8F6C-8A6B7E8BFCA8}.Release|Any CPU.ActiveCfg = Release|Any CPU
		{90B0DBDE-2CEC-4804-8F6C-8A6B7E8BFCA8}.Release|Any CPU.Build.0 = Release|Any CPU
		{90B0DBDE-2CEC-4804-8F6C-8A6B7E8BFCA8}.Release|ARM.ActiveCfg = Release|Any CPU
		{90B0DBDE-2CEC-4804-8F6C-8A6B7E8BFCA8}.Release|ARM.Build.0 = Release|Any CPU
		{90B0DBDE-2CEC-4804-8F6C-8A6B7E8BFCA8}.Release|x64.ActiveCfg = Release|Any CPU
		{90B0DBDE-2CEC-4804-8F6C-8A6B7E8BFCA8}.Release|x64.Build.0 = Release|Any CPU
		{90B0DBDE-2CEC-4804-8F6C-8A6B7E8BFCA8}.Release|x86.ActiveCfg = Release|Any CPU
		{90B0DBDE-2CEC-4804-8F6C-8A6B7E8BFCA8}.Release|x86.Build.0 = Release|Any CPU
		{37223EAF-DA59-4C25-B4E6-87A67C920928}.Debug|Any CPU.ActiveCfg = Debug|Any CPU
		{37223EAF-DA59-4C25-B4E6-87A67C920928}.Debug|Any CPU.Build.0 = Debug|Any CPU
		{37223EAF-DA59-4C25-B4E6-87A67C920928}.Debug|ARM.ActiveCfg = Debug|Any CPU
		{37223EAF-DA59-4C25-B4E6-87A67C920928}.Debug|ARM.Build.0 = Debug|Any CPU
		{37223EAF-DA59-4C25-B4E6-87A67C920928}.Debug|x64.ActiveCfg = Debug|Any CPU
		{37223EAF-DA59-4C25-B4E6-87A67C920928}.Debug|x64.Build.0 = Debug|Any CPU
		{37223EAF-DA59-4C25-B4E6-87A67C920928}.Debug|x86.ActiveCfg = Debug|Any CPU
		{37223EAF-DA59-4C25-B4E6-87A67C920928}.Debug|x86.Build.0 = Debug|Any CPU
		{37223EAF-DA59-4C25-B4E6-87A67C920928}.Release|Any CPU.ActiveCfg = Release|Any CPU
		{37223EAF-DA59-4C25-B4E6-87A67C920928}.Release|Any CPU.Build.0 = Release|Any CPU
		{37223EAF-DA59-4C25-B4E6-87A67C920928}.Release|ARM.ActiveCfg = Release|Any CPU
		{37223EAF-DA59-4C25-B4E6-87A67C920928}.Release|ARM.Build.0 = Release|Any CPU
		{37223EAF-DA59-4C25-B4E6-87A67C920928}.Release|x64.ActiveCfg = Release|Any CPU
		{37223EAF-DA59-4C25-B4E6-87A67C920928}.Release|x64.Build.0 = Release|Any CPU
		{37223EAF-DA59-4C25-B4E6-87A67C920928}.Release|x86.ActiveCfg = Release|Any CPU
		{37223EAF-DA59-4C25-B4E6-87A67C920928}.Release|x86.Build.0 = Release|Any CPU
		{4451C788-2D90-4938-83D2-7CF6C7F19AA8}.Debug|Any CPU.ActiveCfg = Debug|Any CPU
		{4451C788-2D90-4938-83D2-7CF6C7F19AA8}.Debug|Any CPU.Build.0 = Debug|Any CPU
		{4451C788-2D90-4938-83D2-7CF6C7F19AA8}.Debug|ARM.ActiveCfg = Debug|Any CPU
		{4451C788-2D90-4938-83D2-7CF6C7F19AA8}.Debug|ARM.Build.0 = Debug|Any CPU
		{4451C788-2D90-4938-83D2-7CF6C7F19AA8}.Debug|x64.ActiveCfg = Debug|Any CPU
		{4451C788-2D90-4938-83D2-7CF6C7F19AA8}.Debug|x64.Build.0 = Debug|Any CPU
		{4451C788-2D90-4938-83D2-7CF6C7F19AA8}.Debug|x86.ActiveCfg = Debug|Any CPU
		{4451C788-2D90-4938-83D2-7CF6C7F19AA8}.Debug|x86.Build.0 = Debug|Any CPU
		{4451C788-2D90-4938-83D2-7CF6C7F19AA8}.Release|Any CPU.ActiveCfg = Release|Any CPU
		{4451C788-2D90-4938-83D2-7CF6C7F19AA8}.Release|Any CPU.Build.0 = Release|Any CPU
		{4451C788-2D90-4938-83D2-7CF6C7F19AA8}.Release|ARM.ActiveCfg = Release|Any CPU
		{4451C788-2D90-4938-83D2-7CF6C7F19AA8}.Release|ARM.Build.0 = Release|Any CPU
		{4451C788-2D90-4938-83D2-7CF6C7F19AA8}.Release|x64.ActiveCfg = Release|Any CPU
		{4451C788-2D90-4938-83D2-7CF6C7F19AA8}.Release|x64.Build.0 = Release|Any CPU
		{4451C788-2D90-4938-83D2-7CF6C7F19AA8}.Release|x86.ActiveCfg = Release|Any CPU
		{4451C788-2D90-4938-83D2-7CF6C7F19AA8}.Release|x86.Build.0 = Release|Any CPU
	EndGlobalSection
	GlobalSection(SolutionProperties) = preSolution
		HideSolutionNode = FALSE
	EndGlobalSection
	GlobalSection(NestedProjects) = preSolution
		{6D57242A-3DAC-4D66-A6E8-BB314DF2B0EF} = {E6082F8C-F3E7-4D90-B628-DF19087D4D86}
		{347C65C2-161D-45E9-91EA-05005CED1A57} = {E6082F8C-F3E7-4D90-B628-DF19087D4D86}
		{A447F304-DFE8-4216-8699-F814674CD818} = {18695422-9B84-4F42-A75D-4CF31CDD0DBA}
		{151A72A0-0279-4A0F-8DBA-3A087A61EF8A} = {18695422-9B84-4F42-A75D-4CF31CDD0DBA}
		{37223EAF-DA59-4C25-B4E6-87A67C920928} = {E6082F8C-F3E7-4D90-B628-DF19087D4D86}
		{4451C788-2D90-4938-83D2-7CF6C7F19AA8} = {18695422-9B84-4F42-A75D-4CF31CDD0DBA}
	EndGlobalSection
	GlobalSection(ExtensibilityGlobals) = postSolution
		SolutionGuid = {F9308896-0ACD-4D2E-8B33-7245492C6E20}
	EndGlobalSection
EndGlobal
