
Microsoft Visual Studio Solution File, Format Version 12.00
# Visual Studio 15
VisualStudioVersion = 15.0.27004.2005
MinimumVisualStudioVersion = 10.0.40219.1
Project("{9A19103F-16F7-4668-BE54-9A1E7A4F7556}") = "Spectro.Core", "Spectro.Core\Spectro.Core.csproj", "{938ED799-8A6E-4653-BDEE-D84A51767380}"
EndProject
Project("{9A19103F-16F7-4668-BE54-9A1E7A4F7556}") = "Spectro.ViewModels", "Spectro.ViewModels\Spectro.ViewModels.csproj", "{6D57242A-3DAC-4D66-A6E8-BB314DF2B0EF}"
EndProject
Project("{9A19103F-16F7-4668-BE54-9A1E7A4F7556}") = "NewsBlurSharp", "NewsBlurSharp\NewsBlurSharp.csproj", "{347C65C2-161D-45E9-91EA-05005CED1A57}"
EndProject
Project("{2150E333-8FDC-42A3-9474-1A3956D46DE8}") = "Client", "Client", "{4189ECA3-0CE1-4E32-8227-5BA4092552CB}"
EndProject
Project("{2150E333-8FDC-42A3-9474-1A3956D46DE8}") = "Core", "Core", "{E6082F8C-F3E7-4D90-B628-DF19087D4D86}"
EndProject
Project("{2150E333-8FDC-42A3-9474-1A3956D46DE8}") = "Tests", "Tests", "{18695422-9B84-4F42-A75D-4CF31CDD0DBA}"
EndProject
Project("{FAE04EC0-301F-11D3-BF4B-00C04F79EFBC}") = "Spectro", "Spectro\Spectro.csproj", "{9BBBC5E5-B019-4F87-860E-CCDA048F449E}"
EndProject
Project("{9A19103F-16F7-4668-BE54-9A1E7A4F7556}") = "NewsBlurSharp.TestsCore", "NewsBlurSharp.TestsCore\NewsBlurSharp.TestsCore.csproj", "{A447F304-DFE8-4216-8699-F814674CD818}"
EndProject
Project("{FAE04EC0-301F-11D3-BF4B-00C04F79EFBC}") = "Spectro.ViewModels.Tests", "Spectro.ViewModels.Tests\Spectro.ViewModels.Tests.csproj", "{084A288E-D0ED-48FA-A26F-BF136FFDFB4F}"
EndProject
Global
	GlobalSection(SolutionConfigurationPlatforms) = preSolution
		Debug|Any CPU = Debug|Any CPU
		Debug|ARM = Debug|ARM
		Debug|x64 = Debug|x64
		Debug|x86 = Debug|x86
		Release|Any CPU = Release|Any CPU
		Release|ARM = Release|ARM
		Release|x64 = Release|x64
		Release|x86 = Release|x86
	EndGlobalSection
	GlobalSection(ProjectConfigurationPlatforms) = postSolution
		{938ED799-8A6E-4653-BDEE-D84A51767380}.Debug|Any CPU.ActiveCfg = Debug|Any CPU
		{938ED799-8A6E-4653-BDEE-D84A51767380}.Debug|Any CPU.Build.0 = Debug|Any CPU
		{938ED799-8A6E-4653-BDEE-D84A51767380}.Debug|ARM.ActiveCfg = Debug|Any CPU
		{938ED799-8A6E-4653-BDEE-D84A51767380}.Debug|ARM.Build.0 = Debug|Any CPU
		{938ED799-8A6E-4653-BDEE-D84A51767380}.Debug|x64.ActiveCfg = Debug|Any CPU
		{938ED799-8A6E-4653-BDEE-D84A51767380}.Debug|x64.Build.0 = Debug|Any CPU
		{938ED799-8A6E-4653-BDEE-D84A51767380}.Debug|x86.ActiveCfg = Debug|Any CPU
		{938ED799-8A6E-4653-BDEE-D84A51767380}.Debug|x86.Build.0 = Debug|Any CPU
		{938ED799-8A6E-4653-BDEE-D84A51767380}.Release|Any CPU.ActiveCfg = Release|Any CPU
		{938ED799-8A6E-4653-BDEE-D84A51767380}.Release|Any CPU.Build.0 = Release|Any CPU
		{938ED799-8A6E-4653-BDEE-D84A51767380}.Release|ARM.ActiveCfg = Release|Any CPU
		{938ED799-8A6E-4653-BDEE-D84A51767380}.Release|ARM.Build.0 = Release|Any CPU
		{938ED799-8A6E-4653-BDEE-D84A51767380}.Release|x64.ActiveCfg = Release|Any CPU
		{938ED799-8A6E-4653-BDEE-D84A51767380}.Release|x64.Build.0 = Release|Any CPU
		{938ED799-8A6E-4653-BDEE-D84A51767380}.Release|x86.ActiveCfg = Release|Any CPU
		{938ED799-8A6E-4653-BDEE-D84A51767380}.Release|x86.Build.0 = Release|Any CPU
		{6D57242A-3DAC-4D66-A6E8-BB314DF2B0EF}.Debug|Any CPU.ActiveCfg = Debug|Any CPU
		{6D57242A-3DAC-4D66-A6E8-BB314DF2B0EF}.Debug|Any CPU.Build.0 = Debug|Any CPU
		{6D57242A-3DAC-4D66-A6E8-BB314DF2B0EF}.Debug|ARM.ActiveCfg = Debug|Any CPU
		{6D57242A-3DAC-4D66-A6E8-BB314DF2B0EF}.Debug|ARM.Build.0 = Debug|Any CPU
		{6D57242A-3DAC-4D66-A6E8-BB314DF2B0EF}.Debug|x64.ActiveCfg = Debug|Any CPU
		{6D57242A-3DAC-4D66-A6E8-BB314DF2B0EF}.Debug|x64.Build.0 = Debug|Any CPU
		{6D57242A-3DAC-4D66-A6E8-BB314DF2B0EF}.Debug|x86.ActiveCfg = Debug|Any CPU
		{6D57242A-3DAC-4D66-A6E8-BB314DF2B0EF}.Debug|x86.Build.0 = Debug|Any CPU
		{6D57242A-3DAC-4D66-A6E8-BB314DF2B0EF}.Release|Any CPU.ActiveCfg = Release|Any CPU
		{6D57242A-3DAC-4D66-A6E8-BB314DF2B0EF}.Release|Any CPU.Build.0 = Release|Any CPU
		{6D57242A-3DAC-4D66-A6E8-BB314DF2B0EF}.Release|ARM.ActiveCfg = Release|Any CPU
		{6D57242A-3DAC-4D66-A6E8-BB314DF2B0EF}.Release|ARM.Build.0 = Release|Any CPU
		{6D57242A-3DAC-4D66-A6E8-BB314DF2B0EF}.Release|x64.ActiveCfg = Release|Any CPU
		{6D57242A-3DAC-4D66-A6E8-BB314DF2B0EF}.Release|x64.Build.0 = Release|Any CPU
		{6D57242A-3DAC-4D66-A6E8-BB314DF2B0EF}.Release|x86.ActiveCfg = Release|Any CPU
		{6D57242A-3DAC-4D66-A6E8-BB314DF2B0EF}.Release|x86.Build.0 = Release|Any CPU
		{347C65C2-161D-45E9-91EA-05005CED1A57}.Debug|Any CPU.ActiveCfg = Debug|Any CPU
		{347C65C2-161D-45E9-91EA-05005CED1A57}.Debug|Any CPU.Build.0 = Debug|Any CPU
		{347C65C2-161D-45E9-91EA-05005CED1A57}.Debug|ARM.ActiveCfg = Debug|Any CPU
		{347C65C2-161D-45E9-91EA-05005CED1A57}.Debug|ARM.Build.0 = Debug|Any CPU
		{347C65C2-161D-45E9-91EA-05005CED1A57}.Debug|x64.ActiveCfg = Debug|Any CPU
		{347C65C2-161D-45E9-91EA-05005CED1A57}.Debug|x64.Build.0 = Debug|Any CPU
		{347C65C2-161D-45E9-91EA-05005CED1A57}.Debug|x86.ActiveCfg = Debug|Any CPU
		{347C65C2-161D-45E9-91EA-05005CED1A57}.Debug|x86.Build.0 = Debug|Any CPU
		{347C65C2-161D-45E9-91EA-05005CED1A57}.Release|Any CPU.ActiveCfg = Release|Any CPU
		{347C65C2-161D-45E9-91EA-05005CED1A57}.Release|Any CPU.Build.0 = Release|Any CPU
		{347C65C2-161D-45E9-91EA-05005CED1A57}.Release|ARM.ActiveCfg = Release|Any CPU
		{347C65C2-161D-45E9-91EA-05005CED1A57}.Release|ARM.Build.0 = Release|Any CPU
		{347C65C2-161D-45E9-91EA-05005CED1A57}.Release|x64.ActiveCfg = Release|Any CPU
		{347C65C2-161D-45E9-91EA-05005CED1A57}.Release|x64.Build.0 = Release|Any CPU
		{347C65C2-161D-45E9-91EA-05005CED1A57}.Release|x86.ActiveCfg = Release|Any CPU
		{347C65C2-161D-45E9-91EA-05005CED1A57}.Release|x86.Build.0 = Release|Any CPU
		{9BBBC5E5-B019-4F87-860E-CCDA048F449E}.Debug|Any CPU.ActiveCfg = Debug|x86
		{9BBBC5E5-B019-4F87-860E-CCDA048F449E}.Debug|Any CPU.Build.0 = Debug|x86
		{9BBBC5E5-B019-4F87-860E-CCDA048F449E}.Debug|Any CPU.Deploy.0 = Debug|x86
		{9BBBC5E5-B019-4F87-860E-CCDA048F449E}.Debug|ARM.ActiveCfg = Debug|ARM
		{9BBBC5E5-B019-4F87-860E-CCDA048F449E}.Debug|ARM.Build.0 = Debug|ARM
		{9BBBC5E5-B019-4F87-860E-CCDA048F449E}.Debug|ARM.Deploy.0 = Debug|ARM
		{9BBBC5E5-B019-4F87-860E-CCDA048F449E}.Debug|x64.ActiveCfg = Debug|x64
		{9BBBC5E5-B019-4F87-860E-CCDA048F449E}.Debug|x64.Build.0 = Debug|x64
		{9BBBC5E5-B019-4F87-860E-CCDA048F449E}.Debug|x64.Deploy.0 = Debug|x64
		{9BBBC5E5-B019-4F87-860E-CCDA048F449E}.Debug|x86.ActiveCfg = Debug|x86
		{9BBBC5E5-B019-4F87-860E-CCDA048F449E}.Debug|x86.Build.0 = Debug|x86
		{9BBBC5E5-B019-4F87-860E-CCDA048F449E}.Debug|x86.Deploy.0 = Debug|x86
		{9BBBC5E5-B019-4F87-860E-CCDA048F449E}.Release|Any CPU.ActiveCfg = Release|x86
		{9BBBC5E5-B019-4F87-860E-CCDA048F449E}.Release|ARM.ActiveCfg = Release|ARM
		{9BBBC5E5-B019-4F87-860E-CCDA048F449E}.Release|ARM.Build.0 = Release|ARM
		{9BBBC5E5-B019-4F87-860E-CCDA048F449E}.Release|ARM.Deploy.0 = Release|ARM
		{9BBBC5E5-B019-4F87-860E-CCDA048F449E}.Release|x64.ActiveCfg = Release|x64
		{9BBBC5E5-B019-4F87-860E-CCDA048F449E}.Release|x64.Build.0 = Release|x64
		{9BBBC5E5-B019-4F87-860E-CCDA048F449E}.Release|x64.Deploy.0 = Release|x64
		{9BBBC5E5-B019-4F87-860E-CCDA048F449E}.Release|x86.ActiveCfg = Release|x86
		{9BBBC5E5-B019-4F87-860E-CCDA048F449E}.Release|x86.Build.0 = Release|x86
		{9BBBC5E5-B019-4F87-860E-CCDA048F449E}.Release|x86.Deploy.0 = Release|x86
		{A447F304-DFE8-4216-8699-F814674CD818}.Debug|Any CPU.ActiveCfg = Debug|Any CPU
		{A447F304-DFE8-4216-8699-F814674CD818}.Debug|Any CPU.Build.0 = Debug|Any CPU
		{A447F304-DFE8-4216-8699-F814674CD818}.Debug|ARM.ActiveCfg = Debug|Any CPU
		{A447F304-DFE8-4216-8699-F814674CD818}.Debug|ARM.Build.0 = Debug|Any CPU
		{A447F304-DFE8-4216-8699-F814674CD818}.Debug|x64.ActiveCfg = Debug|Any CPU
		{A447F304-DFE8-4216-8699-F814674CD818}.Debug|x64.Build.0 = Debug|Any CPU
		{A447F304-DFE8-4216-8699-F814674CD818}.Debug|x86.ActiveCfg = Debug|Any CPU
		{A447F304-DFE8-4216-8699-F814674CD818}.Debug|x86.Build.0 = Debug|Any CPU
		{A447F304-DFE8-4216-8699-F814674CD818}.Release|Any CPU.ActiveCfg = Release|Any CPU
		{A447F304-DFE8-4216-8699-F814674CD818}.Release|Any CPU.Build.0 = Release|Any CPU
		{A447F304-DFE8-4216-8699-F814674CD818}.Release|ARM.ActiveCfg = Release|Any CPU
		{A447F304-DFE8-4216-8699-F814674CD818}.Release|ARM.Build.0 = Release|Any CPU
		{A447F304-DFE8-4216-8699-F814674CD818}.Release|x64.ActiveCfg = Release|Any CPU
		{A447F304-DFE8-4216-8699-F814674CD818}.Release|x64.Build.0 = Release|Any CPU
		{A447F304-DFE8-4216-8699-F814674CD818}.Release|x86.ActiveCfg = Release|Any CPU
		{A447F304-DFE8-4216-8699-F814674CD818}.Release|x86.Build.0 = Release|Any CPU
		{084A288E-D0ED-48FA-A26F-BF136FFDFB4F}.Debug|Any CPU.ActiveCfg = Debug|x86
		{084A288E-D0ED-48FA-A26F-BF136FFDFB4F}.Debug|ARM.ActiveCfg = Debug|ARM
		{084A288E-D0ED-48FA-A26F-BF136FFDFB4F}.Debug|ARM.Build.0 = Debug|ARM
		{084A288E-D0ED-48FA-A26F-BF136FFDFB4F}.Debug|ARM.Deploy.0 = Debug|ARM
		{084A288E-D0ED-48FA-A26F-BF136FFDFB4F}.Debug|x64.ActiveCfg = Debug|x64
		{084A288E-D0ED-48FA-A26F-BF136FFDFB4F}.Debug|x64.Build.0 = Debug|x64
		{084A288E-D0ED-48FA-A26F-BF136FFDFB4F}.Debug|x64.Deploy.0 = Debug|x64
		{084A288E-D0ED-48FA-A26F-BF136FFDFB4F}.Debug|x86.ActiveCfg = Debug|x86
		{084A288E-D0ED-48FA-A26F-BF136FFDFB4F}.Debug|x86.Build.0 = Debug|x86
		{084A288E-D0ED-48FA-A26F-BF136FFDFB4F}.Debug|x86.Deploy.0 = Debug|x86
		{084A288E-D0ED-48FA-A26F-BF136FFDFB4F}.Release|Any CPU.ActiveCfg = Release|x86
		{084A288E-D0ED-48FA-A26F-BF136FFDFB4F}.Release|ARM.ActiveCfg = Release|ARM
		{084A288E-D0ED-48FA-A26F-BF136FFDFB4F}.Release|ARM.Build.0 = Release|ARM
		{084A288E-D0ED-48FA-A26F-BF136FFDFB4F}.Release|ARM.Deploy.0 = Release|ARM
		{084A288E-D0ED-48FA-A26F-BF136FFDFB4F}.Release|x64.ActiveCfg = Release|x64
		{084A288E-D0ED-48FA-A26F-BF136FFDFB4F}.Release|x64.Build.0 = Release|x64
		{084A288E-D0ED-48FA-A26F-BF136FFDFB4F}.Release|x64.Deploy.0 = Release|x64
		{084A288E-D0ED-48FA-A26F-BF136FFDFB4F}.Release|x86.ActiveCfg = Release|x86
		{084A288E-D0ED-48FA-A26F-BF136FFDFB4F}.Release|x86.Build.0 = Release|x86
		{084A288E-D0ED-48FA-A26F-BF136FFDFB4F}.Release|x86.Deploy.0 = Release|x86
	EndGlobalSection
	GlobalSection(SolutionProperties) = preSolution
		HideSolutionNode = FALSE
	EndGlobalSection
	GlobalSection(NestedProjects) = preSolution
		{938ED799-8A6E-4653-BDEE-D84A51767380} = {E6082F8C-F3E7-4D90-B628-DF19087D4D86}
		{6D57242A-3DAC-4D66-A6E8-BB314DF2B0EF} = {E6082F8C-F3E7-4D90-B628-DF19087D4D86}
		{347C65C2-161D-45E9-91EA-05005CED1A57} = {E6082F8C-F3E7-4D90-B628-DF19087D4D86}
		{9BBBC5E5-B019-4F87-860E-CCDA048F449E} = {4189ECA3-0CE1-4E32-8227-5BA4092552CB}
		{A447F304-DFE8-4216-8699-F814674CD818} = {18695422-9B84-4F42-A75D-4CF31CDD0DBA}
		{084A288E-D0ED-48FA-A26F-BF136FFDFB4F} = {18695422-9B84-4F42-A75D-4CF31CDD0DBA}
	EndGlobalSection
	GlobalSection(ExtensibilityGlobals) = postSolution
		SolutionGuid = {F9308896-0ACD-4D2E-8B33-7245492C6E20}
	EndGlobalSection
EndGlobal
